
Microsoft Visual Studio Solution File, Format Version 12.00
# Visual Studio Version 16
VisualStudioVersion = 16.0.31112.23
MinimumVisualStudioVersion = 10.0.40219.1
Project("{FAE04EC0-301F-11D3-BF4B-00C04F79EFBC}") = "Mirrorv1", "Mirrorv1\Mirrorv1.csproj", "{D2278CCF-53B6-42E8-815E-7F2759133635}"
EndProject
Project("{FAE04EC0-301F-11D3-BF4B-00C04F79EFBC}") = "Configurador", "Configurador\Configurador.csproj", "{2240B08D-F8BC-487C-A80E-2C3777F13C5F}"
EndProject
Global
	GlobalSection(SolutionConfigurationPlatforms) = preSolution
		Debug|Any CPU = Debug|Any CPU
		Release|Any CPU = Release|Any CPU
	EndGlobalSection
	GlobalSection(ProjectConfigurationPlatforms) = postSolution
		{D2278CCF-53B6-42E8-815E-7F2759133635}.Debug|Any CPU.ActiveCfg = Debug|Any CPU
		{D2278CCF-53B6-42E8-815E-7F2759133635}.Debug|Any CPU.Build.0 = Debug|Any CPU
		{D2278CCF-53B6-42E8-815E-7F2759133635}.Release|Any CPU.ActiveCfg = Release|Any CPU
		{D2278CCF-53B6-42E8-815E-7F2759133635}.Release|Any CPU.Build.0 = Release|Any CPU
		{2240B08D-F8BC-487C-A80E-2C3777F13C5F}.Debug|Any CPU.ActiveCfg = Debug|Any CPU
		{2240B08D-F8BC-487C-A80E-2C3777F13C5F}.Debug|Any CPU.Build.0 = Debug|Any CPU
		{2240B08D-F8BC-487C-A80E-2C3777F13C5F}.Release|Any CPU.ActiveCfg = Release|Any CPU
		{2240B08D-F8BC-487C-A80E-2C3777F13C5F}.Release|Any CPU.Build.0 = Release|Any CPU
	EndGlobalSection
	GlobalSection(SolutionProperties) = preSolution
		HideSolutionNode = FALSE
	EndGlobalSection
	GlobalSection(ExtensibilityGlobals) = postSolution
		SolutionGuid = {93C99CDD-7CA1-46D8-91D8-C589946DFF8D}
	EndGlobalSection
EndGlobal
